
Microsoft Visual Studio Solution File, Format Version 12.00
# Visual Studio Version 16
VisualStudioVersion = 16.0.31129.286
MinimumVisualStudioVersion = 10.0.40219.1
Project("{FAE04EC0-301F-11D3-BF4B-00C04F79EFBC}") = "WebCheesyPizzaApplication", "WebCheesyPizzaApplication\WebCheesyPizzaApplication.csproj", "{4FF216AC-0DD0-4218-AA25-8F633A220D54}"
EndProject
Global
	GlobalSection(SolutionConfigurationPlatforms) = preSolution
		Debug|Any CPU = Debug|Any CPU
		Release|Any CPU = Release|Any CPU
	EndGlobalSection
	GlobalSection(ProjectConfigurationPlatforms) = postSolution
		{4FF216AC-0DD0-4218-AA25-8F633A220D54}.Debug|Any CPU.ActiveCfg = Debug|Any CPU
		{4FF216AC-0DD0-4218-AA25-8F633A220D54}.Debug|Any CPU.Build.0 = Debug|Any CPU
		{4FF216AC-0DD0-4218-AA25-8F633A220D54}.Release|Any CPU.ActiveCfg = Release|Any CPU
		{4FF216AC-0DD0-4218-AA25-8F633A220D54}.Release|Any CPU.Build.0 = Release|Any CPU
	EndGlobalSection
	GlobalSection(SolutionProperties) = preSolution
		HideSolutionNode = FALSE
	EndGlobalSection
	GlobalSection(ExtensibilityGlobals) = postSolution
		SolutionGuid = {368090E8-FD59-40D1-8F4D-C0CBD8CAB413}
	EndGlobalSection
EndGlobal
